
Microsoft Visual Studio Solution File, Format Version 12.00
# Visual Studio 2013
VisualStudioVersion = 12.0.21005.1
MinimumVisualStudioVersion = 10.0.40219.1
Project("{FAE04EC0-301F-11D3-BF4B-00C04F79EFBC}") = "Rank.Services", "Rank.Services\Rank.Services.csproj", "{8B18FC35-5029-45AF-8B0A-DC8E587E04EC}"
EndProject
Project("{FAE04EC0-301F-11D3-BF4B-00C04F79EFBC}") = "Rank.Services.Tests", "Rank.Services.Tests\Rank.Services.Tests.csproj", "{E1490CC4-98FD-40F4-B853-2336E3B12F55}"
EndProject
Global
	GlobalSection(SolutionConfigurationPlatforms) = preSolution
		Debug|Any CPU = Debug|Any CPU
		Release|Any CPU = Release|Any CPU
	EndGlobalSection
	GlobalSection(ProjectConfigurationPlatforms) = postSolution
		{8B18FC35-5029-45AF-8B0A-DC8E587E04EC}.Debug|Any CPU.ActiveCfg = Debug|Any CPU
		{8B18FC35-5029-45AF-8B0A-DC8E587E04EC}.Debug|Any CPU.Build.0 = Debug|Any CPU
		{8B18FC35-5029-45AF-8B0A-DC8E587E04EC}.Release|Any CPU.ActiveCfg = Release|Any CPU
		{8B18FC35-5029-45AF-8B0A-DC8E587E04EC}.Release|Any CPU.Build.0 = Release|Any CPU
		{E1490CC4-98FD-40F4-B853-2336E3B12F55}.Debug|Any CPU.ActiveCfg = Debug|Any CPU
		{E1490CC4-98FD-40F4-B853-2336E3B12F55}.Debug|Any CPU.Build.0 = Debug|Any CPU
		{E1490CC4-98FD-40F4-B853-2336E3B12F55}.Release|Any CPU.ActiveCfg = Release|Any CPU
		{E1490CC4-98FD-40F4-B853-2336E3B12F55}.Release|Any CPU.Build.0 = Release|Any CPU
	EndGlobalSection
	GlobalSection(SolutionProperties) = preSolution
		HideSolutionNode = FALSE
	EndGlobalSection
EndGlobal
